<?xml version="1.0" encoding="utf-8"?>
<Project ToolsVersion="4.0" xmlns="http://schemas.microsoft.com/developer/msbuild/2003">
  <ItemGroup>
    <Filter Include="Source Files">
      <UniqueIdentifier>{4FC737F1-C7A5-4376-A066-2A32D752A2FF}</UniqueIdentifier>
      <Extensions>cpp;c;cc;cxx;def;odl;idl;hpj;bat;asm;asmx;h;hpp;hxx;</Extensions>
    </Filter>
    <Filter Include="Resource Files">
      <UniqueIdentifier>{67DA6AB6-F800-4c08-8B7A-83BB121AAD01}</UniqueIdentifier>
      <Extensions>rc;ico;cur;bmp;dlg;rc2;rct;bin;rgs;gif;jpg;jpeg;jpe;resx;tiff;tif;png;wav;mfcribbon-ms</Extensions>
    </Filter>
    <Filter Include="Lua Files">
      <UniqueIdentifier>{a4e005d7-1e81-4a7c-9940-5fc2e3a75c9e}</UniqueIdentifier>
    </Filter>
    <Filter Include="Lua Files\Config Files">
      <UniqueIdentifier>{e00d02de-44e2-4a0e-83b3-9bfdef8aae80}</UniqueIdentifier>
    </Filter>
  </ItemGroup>
  <ItemGroup>
    <ClCompile Include="zealot_main.cpp">
      <Filter>Source Files</Filter>
    </ClCompile>
    <ClCompile Include="pool_test.cpp">
      <Filter>Source Files</Filter>
    </ClCompile>
    <ClCompile Include="shm_container_test.cpp">
      <Filter>Source Files</Filter>
    </ClCompile>
    <ClCompile Include="predefine.cpp">
      <Filter>Source Files</Filter>
    </ClCompile>
    <ClCompile Include="util_test.cpp">
      <Filter>Source Files</Filter>
    </ClCompile>
    <ClCompile Include="os_adapt_test.cpp">
      <Filter>Source Files</Filter>
    </ClCompile>
    <ClCompile Include="thread_test.cpp">
      <Filter>Source Files</Filter>
    </ClCompile>
    <ClCompile Include="socket_test.cpp">
      <Filter>Source Files</Filter>
    </ClCompile>
    <ClCompile Include="lock_test.cpp">
      <Filter>Source Files</Filter>
    </ClCompile>
    <ClCompile Include="timer_expire_test.cpp">
      <Filter>Source Files</Filter>
    </ClCompile>
    <ClCompile Include="fmtstr_test.cpp">
      <Filter>Source Files</Filter>
    </ClCompile>
    <ClCompile Include="mysql_benchmark_test.cpp">
      <Filter>Source Files</Filter>
    </ClCompile>
    <ClCompile Include="bytes_test.cpp">
      <Filter>Source Files</Filter>
    </ClCompile>
    <ClCompile Include="event_inotify_test.cpp">
      <Filter>Source Files</Filter>
    </ClCompile>
    <ClCompile Include="server_test.cpp">
      <Filter>Source Files</Filter>
    </ClCompile>
    <ClCompile Include="script_lua_test.cpp">
      <Filter>Source Files</Filter>
    </ClCompile>
    <ClCompile Include="async_test.cpp">
      <Filter>Source Files</Filter>
    </ClCompile>
    <ClCompile Include="config_test.cpp">
      <Filter>Source Files</Filter>
    </ClCompile>
    <ClCompile Include="sqlite_test.cpp">
      <Filter>Source Files</Filter>
    </ClCompile>
    <ClCompile Include="lookfree_test.cpp">
      <Filter>Source Files</Filter>
    </ClCompile>
    <ClCompile Include="rudp_test.cpp">
      <Filter>Source Files</Filter>
    </ClCompile>
    <ClCompile Include="aio_test.cpp">
      <Filter>Source Files</Filter>
    </ClCompile>
    <ClCompile Include="hash_test.cpp">
      <Filter>Source Files</Filter>
    </ClCompile>
    <ClCompile Include="net_test.cpp">
      <Filter>Source Files</Filter>
    </ClCompile>
    <ClCompile Include="math_test.cpp">
      <Filter>Source Files</Filter>
    </ClCompile>
    <ClCompile Include="string_test.cpp">
      <Filter>Source Files</Filter>
    </ClCompile>
    <ClCompile Include="db_test.cpp">
      <Filter>Source Files</Filter>
    </ClCompile>
    <ClCompile Include="coroutine_test.cpp">
      <Filter>Source Files</Filter>
    </ClCompile>
  </ItemGroup>
  <ItemGroup>
    <ClInclude Include="predefine.h">
      <Filter>Source Files</Filter>
    </ClInclude>
    <ClInclude Include="zealot_main.h">
      <Filter>Source Files</Filter>
    </ClInclude>
  </ItemGroup>
  <ItemGroup>
    <None Include="makefile">
      <Filter>Resource Files</Filter>
    </None>
    <None Include="conf\test_0001.ini">
      <Filter>Lua Files\Config Files</Filter>
    </None>
    <None Include="..\..\..\bin\test.lua\lua_test_01.lua">
      <Filter>Lua Files</Filter>
    </None>
    <None Include="..\..\..\bin\test.lua\lua_test_02.lua">
      <Filter>Lua Files</Filter>
    </None>
    <None Include="..\..\..\bin\test.lua\lua_test_03.lua">
      <Filter>Lua Files</Filter>
    </None>
    <None Include="..\..\..\bin\test.lua\lua_test_04.lua">
      <Filter>Lua Files</Filter>
    </None>
    <None Include="..\..\..\bin\test.lua\lua_test_05.lua">
      <Filter>Lua Files</Filter>
    </None>
    <None Include="..\..\..\bin\test.lua\lua_test_06.lua">
      <Filter>Lua Files</Filter>
    </None>
    <None Include="..\..\..\bin\test.lua\lua_test_07.lua">
      <Filter>Lua Files</Filter>
    </None>
    <None Include="..\..\..\bin\test.lua\lua_test_08.lua">
      <Filter>Lua Files</Filter>
    </None>
    <None Include="..\..\..\bin\test.lua\lua_test_09.lua">
      <Filter>Lua Files</Filter>
    </None>
  </ItemGroup>
  <ItemGroup>
    <Xml Include="conf\test_0002.xml">
      <Filter>Lua Files\Config Files</Filter>
    </Xml>
  </ItemGroup>
</Project>