<?xml version="1.0" encoding="utf-8"?>
<Project ToolsVersion="4.0" xmlns="http://schemas.microsoft.com/developer/msbuild/2003">
  <ItemGroup>
    <Filter Include="Source Files">
      <UniqueIdentifier>{4FC737F1-C7A5-4376-A066-2A32D752A2FF}</UniqueIdentifier>
      <Extensions>cpp;c;cc;cxx;def;odl;idl;hpj;bat;asm;asmx;h;hpp;hxx;</Extensions>
    </Filter>
    <Filter Include="Resource Files">
      <UniqueIdentifier>{67DA6AB6-F800-4c08-8B7A-83BB121AAD01}</UniqueIdentifier>
      <Extensions>rc;ico;cur;bmp;dlg;rc2;rct;bin;rgs;gif;jpg;jpeg;jpe;resx;tiff;tif;png;wav;mfcribbon-ms</Extensions>
    </Filter>
    <Filter Include="Lua Files">
      <UniqueIdentifier>{a4e005d7-1e81-4a7c-9940-5fc2e3a75c9e}</UniqueIdentifier>
    </Filter>
    <Filter Include="Config Files">
      <UniqueIdentifier>{e00d02de-44e2-4a0e-83b3-9bfdef8aae80}</UniqueIdentifier>
    </Filter>
  </ItemGroup>
  <ItemGroup>
    <ClCompile Include="zealot_main.cpp">
      <Filter>Source Files</Filter>
    </ClCompile>
    <ClCompile Include="test_pool.cpp">
      <Filter>Source Files</Filter>
    </ClCompile>
    <ClCompile Include="test_shm_container.cpp">
      <Filter>Source Files</Filter>
    </ClCompile>
    <ClCompile Include="predefine.cpp">
      <Filter>Source Files</Filter>
    </ClCompile>
    <ClCompile Include="test_util.cpp">
      <Filter>Source Files</Filter>
    </ClCompile>
    <ClCompile Include="test_os_adapt.cpp">
      <Filter>Source Files</Filter>
    </ClCompile>
    <ClCompile Include="test_thread.cpp">
      <Filter>Source Files</Filter>
    </ClCompile>
    <ClCompile Include="test_socket.cpp">
      <Filter>Source Files</Filter>
    </ClCompile>
    <ClCompile Include="test_lock.cpp">
      <Filter>Source Files</Filter>
    </ClCompile>
    <ClCompile Include="test_timer_expire.cpp">
      <Filter>Source Files</Filter>
    </ClCompile>
    <ClCompile Include="test_fmtstr.cpp">
      <Filter>Source Files</Filter>
    </ClCompile>
    <ClCompile Include="test_mysql.cpp">
      <Filter>Source Files</Filter>
    </ClCompile>
    <ClCompile Include="test_bytes.cpp">
      <Filter>Source Files</Filter>
    </ClCompile>
    <ClCompile Include="test_event_inotify.cpp">
      <Filter>Source Files</Filter>
    </ClCompile>
    <ClCompile Include="test_server.cpp">
      <Filter>Source Files</Filter>
    </ClCompile>
    <ClCompile Include="test_script_lua.cpp">
      <Filter>Source Files</Filter>
    </ClCompile>
    <ClCompile Include="test_async.cpp">
      <Filter>Source Files</Filter>
    </ClCompile>
    <ClCompile Include="test_config.cpp">
      <Filter>Source Files</Filter>
    </ClCompile>
    <ClCompile Include="test_sqlite.cpp">
      <Filter>Source Files</Filter>
    </ClCompile>
    <ClCompile Include="test_lookfree.cpp">
      <Filter>Source Files</Filter>
    </ClCompile>
    <ClCompile Include="test_rudp.cpp">
      <Filter>Source Files</Filter>
    </ClCompile>
    <ClCompile Include="test_aio.cpp">
      <Filter>Source Files</Filter>
    </ClCompile>
    <ClCompile Include="test_hash.cpp">
      <Filter>Source Files</Filter>
    </ClCompile>
  </ItemGroup>
  <ItemGroup>
    <ClInclude Include="predefine.h">
      <Filter>Source Files</Filter>
    </ClInclude>
  </ItemGroup>
  <ItemGroup>
    <None Include="makefile">
      <Filter>Resource Files</Filter>
    </None>
    <None Include="conf\test_0001.ini">
      <Filter>Config Files</Filter>
    </None>
    <None Include="..\..\..\bin\test.lua\lua_test_01.lua">
      <Filter>Lua Files</Filter>
    </None>
    <None Include="..\..\..\bin\test.lua\lua_test_02.lua">
      <Filter>Lua Files</Filter>
    </None>
    <None Include="..\..\..\bin\test.lua\lua_test_03.lua">
      <Filter>Lua Files</Filter>
    </None>
    <None Include="..\..\..\bin\test.lua\lua_test_04.lua">
      <Filter>Lua Files</Filter>
    </None>
    <None Include="..\..\..\bin\test.lua\lua_test_05.lua">
      <Filter>Lua Files</Filter>
    </None>
    <None Include="..\..\..\bin\test.lua\lua_test_06.lua">
      <Filter>Lua Files</Filter>
    </None>
    <None Include="..\..\..\bin\test.lua\lua_test_07.lua">
      <Filter>Lua Files</Filter>
    </None>
    <None Include="..\..\..\bin\test.lua\lua_test_08.lua">
      <Filter>Lua Files</Filter>
    </None>
    <None Include="..\..\..\bin\test.lua\lua_test_09.lua">
      <Filter>Lua Files</Filter>
    </None>
  </ItemGroup>
  <ItemGroup>
    <Xml Include="conf\test_0002.xml">
      <Filter>Config Files</Filter>
    </Xml>
  </ItemGroup>
</Project>