<?xml version="1.0" encoding="utf-8"?>
<Project ToolsVersion="4.0" xmlns="http://schemas.microsoft.com/developer/msbuild/2003">
  <ItemGroup>
    <Filter Include="Source Files">
      <UniqueIdentifier>{4FC737F1-C7A5-4376-A066-2A32D752A2FF}</UniqueIdentifier>
      <Extensions>cpp;c;cxx;def;odl;idl;hpj;bat;asm;asmx;h;hpp</Extensions>
    </Filter>
    <Filter Include="Resource Files">
      <UniqueIdentifier>{67DA6AB6-F800-4c08-8B7A-83BB121AAD01}</UniqueIdentifier>
      <Extensions>rc;ico;cur;bmp;dlg;rc2;rct;bin;rgs;gif;jpg;jpeg;jpe;resx</Extensions>
    </Filter>
    <Filter Include="osadapt">
      <UniqueIdentifier>{5f1242c0-9176-4e54-9ce0-582262b98853}</UniqueIdentifier>
    </Filter>
  </ItemGroup>
  <ItemGroup>
    <None Include="makefile">
      <Filter>Resource Files</Filter>
    </None>
    <None Include="zcelib.ruleset" />
    <None Include="cpp.hint" />
    <None Include="zce\version.h.in" />
  </ItemGroup>
  <ItemGroup>
    <ClCompile Include="zce\net\http_client.cpp">
      <Filter>Source Files</Filter>
    </ClCompile>
    <ClCompile Include="zce\os_adapt\backtrace.cpp">
      <Filter>Source Files</Filter>
    </ClCompile>
    <ClCompile Include="zce\os_adapt\condi.cpp">
      <Filter>Source Files</Filter>
    </ClCompile>
    <ClCompile Include="zce\os_adapt\coroutine.cpp">
      <Filter>Source Files</Filter>
    </ClCompile>
    <ClCompile Include="zce\os_adapt\dirent.cpp">
      <Filter>Source Files</Filter>
    </ClCompile>
    <ClCompile Include="zce\os_adapt\dlfcn.cpp">
      <Filter>Source Files</Filter>
    </ClCompile>
    <ClCompile Include="zce\os_adapt\file.cpp">
      <Filter>Source Files</Filter>
    </ClCompile>
    <ClCompile Include="zce\os_adapt\flock.cpp">
      <Filter>Source Files</Filter>
    </ClCompile>
    <ClCompile Include="zce\os_adapt\getopt.cpp">
      <Filter>Source Files</Filter>
    </ClCompile>
    <ClCompile Include="zce\os_adapt\math.cpp">
      <Filter>Source Files</Filter>
    </ClCompile>
    <ClCompile Include="zce\os_adapt\mutex.cpp">
      <Filter>Source Files</Filter>
    </ClCompile>
    <ClCompile Include="zce\os_adapt\process.cpp">
      <Filter>Source Files</Filter>
    </ClCompile>
    <ClCompile Include="zce\os_adapt\rwlock.cpp">
      <Filter>Source Files</Filter>
    </ClCompile>
    <ClCompile Include="zce\os_adapt\semaphore.cpp">
      <Filter>Source Files</Filter>
    </ClCompile>
    <ClCompile Include="zce\os_adapt\shm.cpp">
      <Filter>Source Files</Filter>
    </ClCompile>
    <ClCompile Include="zce\os_adapt\socket.cpp">
      <Filter>Source Files</Filter>
    </ClCompile>
    <ClCompile Include="zce\os_adapt\spin.cpp">
      <Filter>Source Files</Filter>
    </ClCompile>
    <ClCompile Include="zce\os_adapt\stdlib.cpp">
      <Filter>Source Files</Filter>
    </ClCompile>
    <ClCompile Include="zce\os_adapt\string.cpp">
      <Filter>Source Files</Filter>
    </ClCompile>
    <ClCompile Include="zce\os_adapt\sysinfo.cpp">
      <Filter>Source Files</Filter>
    </ClCompile>
    <ClCompile Include="zce\os_adapt\thread.cpp">
      <Filter>Source Files</Filter>
    </ClCompile>
    <ClCompile Include="zce\os_adapt\time.cpp">
      <Filter>Source Files</Filter>
    </ClCompile>
    <ClCompile Include="zce\predefine.cpp">
      <Filter>Source Files</Filter>
    </ClCompile>
    <ClCompile Include="zce\time\time_value.cpp">
      <Filter>Source Files</Filter>
    </ClCompile>
    <ClCompile Include="zce\time\progress_timer.cpp">
      <Filter>Source Files</Filter>
    </ClCompile>
    <ClCompile Include="zce\mysql\command.cpp">
      <Filter>Source Files</Filter>
    </ClCompile>
    <ClCompile Include="zce\mysql\connect.cpp">
      <Filter>Source Files</Filter>
    </ClCompile>
    <ClCompile Include="zce\mysql\field.cpp">
      <Filter>Source Files</Filter>
    </ClCompile>
    <ClCompile Include="zce\mysql\stmt_cmd.cpp">
      <Filter>Source Files</Filter>
    </ClCompile>
    <ClCompile Include="zce\mysql\result.cpp">
      <Filter>Source Files</Filter>
    </ClCompile>
    <ClCompile Include="zce\mysql\stmt_bind.cpp">
      <Filter>Source Files</Filter>
    </ClCompile>
    <ClCompile Include="zce\timer\timer_handler.cpp">
      <Filter>Source Files</Filter>
    </ClCompile>
    <ClCompile Include="zce\timer\queue_base.cpp">
      <Filter>Source Files</Filter>
    </ClCompile>
    <ClCompile Include="zce\timer\queue_heap.cpp">
      <Filter>Source Files</Filter>
    </ClCompile>
    <ClCompile Include="zce\timer\queue_wheel.cpp">
      <Filter>Source Files</Filter>
    </ClCompile>
    <ClCompile Include="zce\shared_mem\mmap.cpp">
      <Filter>Source Files</Filter>
    </ClCompile>
    <ClCompile Include="zce\shared_mem\posix.cpp">
      <Filter>Source Files</Filter>
    </ClCompile>
    <ClCompile Include="zce\shared_mem\systemv.cpp">
      <Filter>Source Files</Filter>
    </ClCompile>
    <ClCompile Include="zce\mysql\execute.cpp">
      <Filter>Source Files</Filter>
    </ClCompile>
    <ClCompile Include="zce\util\random.cpp">
      <Filter>Source Files</Filter>
    </ClCompile>
    <ClCompile Include="zce\lock\file_lock.cpp">
      <Filter>Source Files</Filter>
    </ClCompile>
    <ClCompile Include="zce\lock\thread_spin.cpp">
      <Filter>Source Files</Filter>
    </ClCompile>
    <ClCompile Include="zce\lock\thread_semaphore.cpp">
      <Filter>Source Files</Filter>
    </ClCompile>
    <ClCompile Include="zce\lock\thread_rw_mutex.cpp">
      <Filter>Source Files</Filter>
    </ClCompile>
    <ClCompile Include="zce\lock\thread_mutex.cpp">
      <Filter>Source Files</Filter>
    </ClCompile>
    <ClCompile Include="zce\lock\thread_condi.cpp">
      <Filter>Source Files</Filter>
    </ClCompile>
    <ClCompile Include="zce\lock\process_mutex.cpp">
      <Filter>Source Files</Filter>
    </ClCompile>
    <ClCompile Include="zce\lock\process_semaphore.cpp">
      <Filter>Source Files</Filter>
    </ClCompile>
    <ClCompile Include="zce\lock\record_lock.cpp">
      <Filter>Source Files</Filter>
    </ClCompile>
    <ClCompile Include="zce\bytes\compress.cpp">
      <Filter>Source Files</Filter>
    </ClCompile>
    <ClCompile Include="zce\bytes\base_encode.cpp">
      <Filter>Source Files</Filter>
    </ClCompile>
    <ClCompile Include="zce\bytes\encrypt.cpp">
      <Filter>Source Files</Filter>
    </ClCompile>
    <ClCompile Include="zce\bytes\hash_value.cpp">
      <Filter>Source Files</Filter>
    </ClCompile>
    <ClCompile Include="zce\bytes\serialize.cpp">
      <Filter>Source Files</Filter>
    </ClCompile>
    <ClCompile Include="zce\script\lua_tie.cpp">
      <Filter>Source Files</Filter>
    </ClCompile>
    <ClCompile Include="zce\shm_container\cache_chunk.cpp">
      <Filter>Source Files</Filter>
    </ClCompile>
    <ClCompile Include="zce\shm_container\common.cpp">
      <Filter>Source Files</Filter>
    </ClCompile>
    <ClCompile Include="zce\socket\socket_base.cpp">
      <Filter>Source Files</Filter>
    </ClCompile>
    <ClCompile Include="zce\socket\addr_in.cpp">
      <Filter>Source Files</Filter>
    </ClCompile>
    <ClCompile Include="zce\socket\stream.cpp">
      <Filter>Source Files</Filter>
    </ClCompile>
    <ClCompile Include="zce\socket\datagram.cpp">
      <Filter>Source Files</Filter>
    </ClCompile>
    <ClCompile Include="zce\socket\addr_base.cpp">
      <Filter>Source Files</Filter>
    </ClCompile>
    <ClCompile Include="zce\socket\acceptor.cpp">
      <Filter>Source Files</Filter>
    </ClCompile>
    <ClCompile Include="zce\socket\addr_in6.cpp">
      <Filter>Source Files</Filter>
    </ClCompile>
    <ClCompile Include="zce\socket\connector.cpp">
      <Filter>Source Files</Filter>
    </ClCompile>
    <ClCompile Include="zce\async\async_base.cpp">
      <Filter>Source Files</Filter>
    </ClCompile>
    <ClCompile Include="zce\async\coroutine.cpp">
      <Filter>Source Files</Filter>
    </ClCompile>
    <ClCompile Include="zce\async\fsm.cpp">
      <Filter>Source Files</Filter>
    </ClCompile>
    <ClCompile Include="zce\bus\twoway_pipe.cpp">
      <Filter>Source Files</Filter>
    </ClCompile>
    <ClCompile Include="zce\sqlite\conf_table.cpp">
      <Filter>Source Files</Filter>
    </ClCompile>
    <ClCompile Include="zce\string\to_string.cpp">
      <Filter>Source Files</Filter>
    </ClCompile>
    <ClCompile Include="zce\string\format.cpp">
      <Filter>Source Files</Filter>
    </ClCompile>
    <ClCompile Include="zce\thread\thread_task.cpp">
      <Filter>Source Files</Filter>
    </ClCompile>
    <ClCompile Include="zce\thread\thread_wait_mgr.cpp">
      <Filter>Source Files</Filter>
    </ClCompile>
    <ClCompile Include="zce\uuid\generator.cpp">
      <Filter>Source Files</Filter>
    </ClCompile>
    <ClCompile Include="zce\server\mml_command.cpp">
      <Filter>Source Files</Filter>
    </ClCompile>
    <ClCompile Include="zce\server\server_base.cpp">
      <Filter>Source Files</Filter>
    </ClCompile>
    <ClCompile Include="zce\server\server_status.cpp">
      <Filter>Source Files</Filter>
    </ClCompile>
    <ClCompile Include="zce\server\get_option.cpp">
      <Filter>Source Files</Filter>
    </ClCompile>
    <ClCompile Include="zce\event\handle_base.cpp">
      <Filter>Source Files</Filter>
    </ClCompile>
    <ClCompile Include="zce\event\handle_inotify.cpp">
      <Filter>Source Files</Filter>
    </ClCompile>
    <ClCompile Include="zce\event\proactor.cpp">
      <Filter>Source Files</Filter>
    </ClCompile>
    <ClCompile Include="zce\event\reactor_base.cpp">
      <Filter>Source Files</Filter>
    </ClCompile>
    <ClCompile Include="zce\event\reactor_epoll.cpp">
      <Filter>Source Files</Filter>
    </ClCompile>
    <ClCompile Include="zce\event\reactor_select.cpp">
      <Filter>Source Files</Filter>
    </ClCompile>
    <ClCompile Include="zce\event\reactor_wfmo.cpp">
      <Filter>Source Files</Filter>
    </ClCompile>
    <ClCompile Include="zce\config\file_implement.cpp">
      <Filter>Source Files</Filter>
    </ClCompile>
    <ClCompile Include="zce\config\property_tree.cpp">
      <Filter>Source Files</Filter>
    </ClCompile>
    <ClCompile Include="zce\logger\log_msg.cpp">
      <Filter>Source Files</Filter>
    </ClCompile>
    <ClCompile Include="zce\logger\log_file.cpp">
      <Filter>Source Files</Filter>
    </ClCompile>
    <ClCompile Include="zce\sqlite\sqlite_hdl.cpp">
      <Filter>Source Files</Filter>
    </ClCompile>
    <ClCompile Include="zce\sqlite\sqlite_stmt.cpp">
      <Filter>Source Files</Filter>
    </ClCompile>
    <ClCompile Include="zce\string\from_string.cpp">
      <Filter>Source Files</Filter>
    </ClCompile>
    <ClCompile Include="zce\async\lua_thread.cpp">
      <Filter>Source Files</Filter>
    </ClCompile>
    <ClCompile Include="zce\net\dns_resolve.cpp">
      <Filter>Source Files</Filter>
    </ClCompile>
    <ClCompile Include="zce\net\sock5_client.cpp">
      <Filter>Source Files</Filter>
    </ClCompile>
    <ClCompile Include="zce\socket\addr_any.cpp">
      <Filter>Source Files</Filter>
    </ClCompile>
    <ClCompile Include="zce\net\ping.cpp">
      <Filter>Source Files</Filter>
    </ClCompile>
    <ClCompile Include="zce\aio\worker.cpp">
      <Filter>Source Files</Filter>
    </ClCompile>
    <ClCompile Include="zce\logger\log_print.cpp">
      <Filter>Source Files</Filter>
    </ClCompile>
    <ClCompile Include="zce\aio\caller.cpp">
      <Filter>Source Files</Filter>
    </ClCompile>
    <ClCompile Include="zce\aio\awaiter.cpp">
      <Filter>Source Files</Filter>
    </ClCompile>
    <ClCompile Include="zce\script\javascript.cpp">
      <Filter>Source Files</Filter>
    </ClCompile>
    <ClCompile Include="zce\rudp\base.cpp">
      <Filter>Source Files</Filter>
    </ClCompile>
    <ClCompile Include="zce\rudp\peer.cpp">
      <Filter>Source Files</Filter>
    </ClCompile>
    <ClCompile Include="zce\rudp\client.cpp">
      <Filter>Source Files</Filter>
    </ClCompile>
    <ClCompile Include="zce\rudp\server.cpp">
      <Filter>Source Files</Filter>
    </ClCompile>
    <ClCompile Include="zce\sqlite\sqlite_result.cpp">
      <Filter>Source Files</Filter>
    </ClCompile>
    <ClCompile Include="zce\buffer\cycle_buffer.cpp">
      <Filter>Source Files</Filter>
    </ClCompile>
    <ClCompile Include="zce\buffer\queue_buffer.cpp">
      <Filter>Source Files</Filter>
    </ClCompile>
    <ClCompile Include="zce\event\reactor_mini.cpp">
      <Filter>Source Files</Filter>
    </ClCompile>
  </ItemGroup>
  <ItemGroup>
    <ClInclude Include="zce\log\logging.h">
      <Filter>Source Files</Filter>
    </ClInclude>
    <ClInclude Include="zce\net\http_client.h">
      <Filter>Source Files</Filter>
    </ClInclude>
    <ClInclude Include="zce\os_adapt\backtrace.h">
      <Filter>Source Files</Filter>
    </ClInclude>
    <ClInclude Include="zce\os_adapt\condi.h">
      <Filter>Source Files</Filter>
    </ClInclude>
    <ClInclude Include="zce\os_adapt\coroutine.h">
      <Filter>Source Files</Filter>
    </ClInclude>
    <ClInclude Include="zce\os_adapt\dirent.h">
      <Filter>Source Files</Filter>
    </ClInclude>
    <ClInclude Include="zce\os_adapt\dlfcn.h">
      <Filter>Source Files</Filter>
    </ClInclude>
    <ClInclude Include="zce\os_adapt\error.h">
      <Filter>Source Files</Filter>
    </ClInclude>
    <ClInclude Include="zce\os_adapt\file.h">
      <Filter>Source Files</Filter>
    </ClInclude>
    <ClInclude Include="zce\os_adapt\flock.h">
      <Filter>Source Files</Filter>
    </ClInclude>
    <ClInclude Include="zce\os_adapt\getopt.h">
      <Filter>Source Files</Filter>
    </ClInclude>
    <ClInclude Include="zce\os_adapt\math.h">
      <Filter>Source Files</Filter>
    </ClInclude>
    <ClInclude Include="zce\os_adapt\mutex.h">
      <Filter>Source Files</Filter>
    </ClInclude>
    <ClInclude Include="zce\os_adapt\process.h">
      <Filter>Source Files</Filter>
    </ClInclude>
    <ClInclude Include="zce\os_adapt\rwlock.h">
      <Filter>Source Files</Filter>
    </ClInclude>
    <ClInclude Include="zce\os_adapt\semaphore.h">
      <Filter>Source Files</Filter>
    </ClInclude>
    <ClInclude Include="zce\os_adapt\shm.h">
      <Filter>Source Files</Filter>
    </ClInclude>
    <ClInclude Include="zce\os_adapt\socket.h">
      <Filter>Source Files</Filter>
    </ClInclude>
    <ClInclude Include="zce\os_adapt\spin.h">
      <Filter>Source Files</Filter>
    </ClInclude>
    <ClInclude Include="zce\os_adapt\stdlib.h">
      <Filter>Source Files</Filter>
    </ClInclude>
    <ClInclude Include="zce\os_adapt\string.h">
      <Filter>Source Files</Filter>
    </ClInclude>
    <ClInclude Include="zce\os_adapt\sysinfo.h">
      <Filter>Source Files</Filter>
    </ClInclude>
    <ClInclude Include="zce\os_adapt\thread.h">
      <Filter>Source Files</Filter>
    </ClInclude>
    <ClInclude Include="zce\os_adapt\time.h">
      <Filter>Source Files</Filter>
    </ClInclude>
    <ClInclude Include="zce\config.h">
      <Filter>Source Files</Filter>
    </ClInclude>
    <ClInclude Include="zce\predefine.h">
      <Filter>Source Files</Filter>
    </ClInclude>
    <ClInclude Include="zce\os_adapt\common.h">
      <Filter>Source Files</Filter>
    </ClInclude>
    <ClInclude Include="zce\time\time_value.h">
      <Filter>Source Files</Filter>
    </ClInclude>
    <ClInclude Include="zce\time\progress_timer.h">
      <Filter>Source Files</Filter>
    </ClInclude>
    <ClInclude Include="zce\mysql\command.h">
      <Filter>Source Files</Filter>
    </ClInclude>
    <ClInclude Include="zce\mysql\connect.h">
      <Filter>Source Files</Filter>
    </ClInclude>
    <ClInclude Include="zce\mysql\field.h">
      <Filter>Source Files</Filter>
    </ClInclude>
    <ClInclude Include="zce\mysql\stmt_cmd.h">
      <Filter>Source Files</Filter>
    </ClInclude>
    <ClInclude Include="zce\mysql\result.h">
      <Filter>Source Files</Filter>
    </ClInclude>
    <ClInclude Include="zce\mysql\stmt_bind.h">
      <Filter>Source Files</Filter>
    </ClInclude>
    <ClInclude Include="zce\log\priority.h">
      <Filter>Source Files</Filter>
    </ClInclude>
    <ClInclude Include="zce\timer\timer_handler.h">
      <Filter>Source Files</Filter>
    </ClInclude>
    <ClInclude Include="zce\timer\queue_base.h">
      <Filter>Source Files</Filter>
    </ClInclude>
    <ClInclude Include="zce\timer\queue_heap.h">
      <Filter>Source Files</Filter>
    </ClInclude>
    <ClInclude Include="zce\timer\queue_wheel.h">
      <Filter>Source Files</Filter>
    </ClInclude>
    <ClInclude Include="zce\shared_mem\mmap.h">
      <Filter>Source Files</Filter>
    </ClInclude>
    <ClInclude Include="zce\shared_mem\posix.h">
      <Filter>Source Files</Filter>
    </ClInclude>
    <ClInclude Include="zce\shared_mem\systemv.h">
      <Filter>Source Files</Filter>
    </ClInclude>
    <ClInclude Include="zce\mysql\execute.h">
      <Filter>Source Files</Filter>
    </ClInclude>
    <ClInclude Include="zce\util\mpl.h">
      <Filter>Source Files</Filter>
    </ClInclude>
    <ClInclude Include="zce\util\non_copyable.h">
      <Filter>Source Files</Filter>
    </ClInclude>
    <ClInclude Include="zce\util\random.h">
      <Filter>Source Files</Filter>
    </ClInclude>
    <ClInclude Include="zce\util\singleton.h">
      <Filter>Source Files</Filter>
    </ClInclude>
    <ClInclude Include="zce\util\id_to_string.h">
      <Filter>Source Files</Filter>
    </ClInclude>
    <ClInclude Include="zce\lock\lock_base.h">
      <Filter>Source Files</Filter>
    </ClInclude>
    <ClInclude Include="zce\lock\file_lock.h">
      <Filter>Source Files</Filter>
    </ClInclude>
    <ClInclude Include="zce\lock\thread_spin.h">
      <Filter>Source Files</Filter>
    </ClInclude>
    <ClInclude Include="zce\lock\thread_semaphore.h">
      <Filter>Source Files</Filter>
    </ClInclude>
    <ClInclude Include="zce\lock\thread_rw_mutex.h">
      <Filter>Source Files</Filter>
    </ClInclude>
    <ClInclude Include="zce\lock\thread_mutex.h">
      <Filter>Source Files</Filter>
    </ClInclude>
    <ClInclude Include="zce\lock\thread_condi.h">
      <Filter>Source Files</Filter>
    </ClInclude>
    <ClInclude Include="zce\lock\synch_traits.h">
      <Filter>Source Files</Filter>
    </ClInclude>
    <ClInclude Include="zce\lock\lock_guard.h">
      <Filter>Source Files</Filter>
    </ClInclude>
    <ClInclude Include="zce\lock\null_lock.h">
      <Filter>Source Files</Filter>
    </ClInclude>
    <ClInclude Include="zce\lock\process_mutex.h">
      <Filter>Source Files</Filter>
    </ClInclude>
    <ClInclude Include="zce\lock\process_semaphore.h">
      <Filter>Source Files</Filter>
    </ClInclude>
    <ClInclude Include="zce\lock\record_lock.h">
      <Filter>Source Files</Filter>
    </ClInclude>
    <ClInclude Include="zce\bytes\compress.h">
      <Filter>Source Files</Filter>
    </ClInclude>
    <ClInclude Include="zce\bytes\base_encode.h">
      <Filter>Source Files</Filter>
    </ClInclude>
    <ClInclude Include="zce\bytes\encrypt.h">
      <Filter>Source Files</Filter>
    </ClInclude>
    <ClInclude Include="zce\bytes\hash_value.h">
      <Filter>Source Files</Filter>
    </ClInclude>
    <ClInclude Include="zce\bytes\serialize.h">
      <Filter>Source Files</Filter>
    </ClInclude>
    <ClInclude Include="zce\bytes\bytes_common.h">
      <Filter>Source Files</Filter>
    </ClInclude>
    <ClInclude Include="zce\script\lua_tie.h">
      <Filter>Source Files</Filter>
    </ClInclude>
    <ClInclude Include="zce\shm_container\array.h">
      <Filter>Source Files</Filter>
    </ClInclude>
    <ClInclude Include="zce\shm_container\avltree.h">
      <Filter>Source Files</Filter>
    </ClInclude>
    <ClInclude Include="zce\shm_container\cache_chunk.h">
      <Filter>Source Files</Filter>
    </ClInclude>
    <ClInclude Include="zce\shm_container\common.h">
      <Filter>Source Files</Filter>
    </ClInclude>
    <ClInclude Include="zce\shm_container\hash_expire.h">
      <Filter>Source Files</Filter>
    </ClInclude>
    <ClInclude Include="zce\shm_container\hash_rehash.h">
      <Filter>Source Files</Filter>
    </ClInclude>
    <ClInclude Include="zce\shm_container\hash_table.h">
      <Filter>Source Files</Filter>
    </ClInclude>
    <ClInclude Include="zce\shm_container\list.h">
      <Filter>Source Files</Filter>
    </ClInclude>
    <ClInclude Include="zce\shm_container\rbtree.h">
      <Filter>Source Files</Filter>
    </ClInclude>
    <ClInclude Include="zce\shm_container\trie_tree.h">
      <Filter>Source Files</Filter>
    </ClInclude>
    <ClInclude Include="zce\socket\socket_base.h">
      <Filter>Source Files</Filter>
    </ClInclude>
    <ClInclude Include="zce\socket\addr_in.h">
      <Filter>Source Files</Filter>
    </ClInclude>
    <ClInclude Include="zce\socket\stream.h">
      <Filter>Source Files</Filter>
    </ClInclude>
    <ClInclude Include="zce\socket\datagram.h">
      <Filter>Source Files</Filter>
    </ClInclude>
    <ClInclude Include="zce\socket\acceptor.h">
      <Filter>Source Files</Filter>
    </ClInclude>
    <ClInclude Include="zce\socket\addr_base.h">
      <Filter>Source Files</Filter>
    </ClInclude>
    <ClInclude Include="zce\socket\addr_in6.h">
      <Filter>Source Files</Filter>
    </ClInclude>
    <ClInclude Include="zce\socket\connector.h">
      <Filter>Source Files</Filter>
    </ClInclude>
    <ClInclude Include="zce\async\async_base.h">
      <Filter>Source Files</Filter>
    </ClInclude>
    <ClInclude Include="zce\async\coroutine.h">
      <Filter>Source Files</Filter>
    </ClInclude>
    <ClInclude Include="zce\async\fsm.h">
      <Filter>Source Files</Filter>
    </ClInclude>
    <ClInclude Include="zce\bus\mmap_pipe.h">
      <Filter>Source Files</Filter>
    </ClInclude>
    <ClInclude Include="zce\bus\twoway_pipe.h">
      <Filter>Source Files</Filter>
    </ClInclude>
    <ClInclude Include="zce\sqlite\conf_table.h">
      <Filter>Source Files</Filter>
    </ClInclude>
    <ClInclude Include="zce\lockfree\kfifo.h">
      <Filter>Source Files</Filter>
    </ClInclude>
    <ClInclude Include="zce\lockfree\ring.h">
      <Filter>Source Files</Filter>
    </ClInclude>
    <ClInclude Include="zce\lockfree\queue.h">
      <Filter>Source Files</Filter>
    </ClInclude>
    <ClInclude Include="zce\string\to_string.h">
      <Filter>Source Files</Filter>
    </ClInclude>
    <ClInclude Include="zce\string\extend.h">
      <Filter>Source Files</Filter>
    </ClInclude>
    <ClInclude Include="zce\string\format.h">
      <Filter>Source Files</Filter>
    </ClInclude>
    <ClInclude Include="zce\thread\msgque_condi.h">
      <Filter>Source Files</Filter>
    </ClInclude>
    <ClInclude Include="zce\thread\msgque_sema.h">
      <Filter>Source Files</Filter>
    </ClInclude>
    <ClInclude Include="zce\thread\thread_task.h">
      <Filter>Source Files</Filter>
    </ClInclude>
    <ClInclude Include="zce\thread\thread_wait_mgr.h">
      <Filter>Source Files</Filter>
    </ClInclude>
    <ClInclude Include="zce\uuid\generator.h">
      <Filter>Source Files</Filter>
    </ClInclude>
    <ClInclude Include="zce\server\mml_command.h">
      <Filter>Source Files</Filter>
    </ClInclude>
    <ClInclude Include="zce\server\server_base.h">
      <Filter>Source Files</Filter>
    </ClInclude>
    <ClInclude Include="zce\server\server_status.h">
      <Filter>Source Files</Filter>
    </ClInclude>
    <ClInclude Include="zce\server\get_option.h">
      <Filter>Source Files</Filter>
    </ClInclude>
    <ClInclude Include="zce\event\handle_base.h">
      <Filter>Source Files</Filter>
    </ClInclude>
    <ClInclude Include="zce\event\handle_inotify.h">
      <Filter>Source Files</Filter>
    </ClInclude>
    <ClInclude Include="zce\event\proactor.h">
      <Filter>Source Files</Filter>
    </ClInclude>
    <ClInclude Include="zce\event\reactor_base.h">
      <Filter>Source Files</Filter>
    </ClInclude>
    <ClInclude Include="zce\event\reactor_epoll.h">
      <Filter>Source Files</Filter>
    </ClInclude>
    <ClInclude Include="zce\event\reactor_select.h">
      <Filter>Source Files</Filter>
    </ClInclude>
    <ClInclude Include="zce\event\reactor_wfmo.h">
      <Filter>Source Files</Filter>
    </ClInclude>
    <ClInclude Include="zce\config\file_implement.h">
      <Filter>Source Files</Filter>
    </ClInclude>
    <ClInclude Include="zce\config\property_tree.h">
      <Filter>Source Files</Filter>
    </ClInclude>
    <ClInclude Include="zce\lock\ptr_guard.h">
      <Filter>Source Files</Filter>
    </ClInclude>
    <ClInclude Include="zce\logger\logging.h">
      <Filter>Source Files</Filter>
    </ClInclude>
    <ClInclude Include="zce\logger\log_msg.h">
      <Filter>Source Files</Filter>
    </ClInclude>
    <ClInclude Include="zce\logger\log_comm.h">
      <Filter>Source Files</Filter>
    </ClInclude>
    <ClInclude Include="zce\logger\log_file.h">
      <Filter>Source Files</Filter>
    </ClInclude>
    <ClInclude Include="zce\util\algorithm.h">
      <Filter>Source Files</Filter>
    </ClInclude>
    <ClInclude Include="zce\sqlite\sqlite_hdl.h">
      <Filter>Source Files</Filter>
    </ClInclude>
    <ClInclude Include="zce\sqlite\sqlite_stmt.h">
      <Filter>Source Files</Filter>
    </ClInclude>
    <ClInclude Include="zce\string\from_string.h">
      <Filter>Source Files</Filter>
    </ClInclude>
    <ClInclude Include="zce\pool\buffer_pool.h">
      <Filter>Source Files</Filter>
    </ClInclude>
    <ClInclude Include="zce\pool\object_pool.h">
      <Filter>Source Files</Filter>
    </ClInclude>
    <ClInclude Include="zce\async\lua_thread.h">
      <Filter>Source Files</Filter>
    </ClInclude>
    <ClInclude Include="zce\lockfree\ptr_ring.h">
      <Filter>Source Files</Filter>
    </ClInclude>
    <ClInclude Include="zce\lockfree\spsc_ring.h">
      <Filter>Source Files</Filter>
    </ClInclude>
    <ClInclude Include="zce\util\static_list.h">
      <Filter>Source Files</Filter>
    </ClInclude>
    <ClInclude Include="zce\net\dns_resolve.h">
      <Filter>Source Files</Filter>
    </ClInclude>
    <ClInclude Include="zce\net\sock5_client.h">
      <Filter>Source Files</Filter>
    </ClInclude>
    <ClInclude Include="zce\socket\addr_any.h">
      <Filter>Source Files</Filter>
    </ClInclude>
    <ClInclude Include="zce\net\ping.h">
      <Filter>Source Files</Filter>
    </ClInclude>
    <ClInclude Include="zce\version.h">
      <Filter>Source Files</Filter>
    </ClInclude>
    <ClInclude Include="zce\aio\worker.h">
      <Filter>Source Files</Filter>
    </ClInclude>
    <ClInclude Include="zce\logger\log_print.h">
      <Filter>Source Files</Filter>
    </ClInclude>
    <ClInclude Include="zce\aio\caller.h">
      <Filter>Source Files</Filter>
    </ClInclude>
    <ClInclude Include="zce\aio\awaiter.h">
      <Filter>Source Files</Filter>
    </ClInclude>
    <ClInclude Include="zce\script\javascript.h">
      <Filter>Source Files</Filter>
    </ClInclude>
    <ClInclude Include="zce\rudp\base.h">
      <Filter>Source Files</Filter>
    </ClInclude>
    <ClInclude Include="zce\rudp\peer.h">
      <Filter>Source Files</Filter>
    </ClInclude>
    <ClInclude Include="zce\rudp\client.h">
      <Filter>Source Files</Filter>
    </ClInclude>
    <ClInclude Include="zce\rudp\server.h">
      <Filter>Source Files</Filter>
    </ClInclude>
    <ClInclude Include="zce\sqlite\sqlite_result.h">
      <Filter>Source Files</Filter>
    </ClInclude>
    <ClInclude Include="zce\buffer\cycle_buffer.h">
      <Filter>Source Files</Filter>
    </ClInclude>
    <ClInclude Include="zce\buffer\cycbuf_rings.h">
      <Filter>Source Files</Filter>
    </ClInclude>
    <ClInclude Include="zce\container\lord_rings.h">
      <Filter>Source Files</Filter>
    </ClInclude>
    <ClInclude Include="zce\container\static_list.h">
      <Filter>Source Files</Filter>
    </ClInclude>
    <ClInclude Include="zce\buffer\queue_buffer.h">
      <Filter>Source Files</Filter>
    </ClInclude>
    <ClInclude Include="zce\thread\msgque_waitmodel.h">
      <Filter>Source Files</Filter>
    </ClInclude>
    <ClInclude Include="zce\event\reactor_mini.h">
      <Filter>Source Files</Filter>
    </ClInclude>
    <ClInclude Include="zce\pool\data_pool.h">
      <Filter>Source Files</Filter>
    </ClInclude>
  </ItemGroup>
  <ItemGroup>
    <Text Include="CMakeLists.txt" />
  </ItemGroup>
</Project>