<?xml version="1.0" encoding="utf-8"?>
<Project ToolsVersion="4.0" xmlns="http://schemas.microsoft.com/developer/msbuild/2003">
  <ItemGroup>
    <Filter Include="Source Files">
      <UniqueIdentifier>{4FC737F1-C7A5-4376-A066-2A32D752A2FF}</UniqueIdentifier>
      <Extensions>cpp;c;cxx;def;odl;idl;hpj;bat;asm;asmx;h;hpp</Extensions>
    </Filter>
    <Filter Include="Resource Files">
      <UniqueIdentifier>{67DA6AB6-F800-4c08-8B7A-83BB121AAD01}</UniqueIdentifier>
      <Extensions>rc;ico;cur;bmp;dlg;rc2;rct;bin;rgs;gif;jpg;jpeg;jpe;resx</Extensions>
    </Filter>
  </ItemGroup>
  <ItemGroup>
    <None Include="ReadMe.txt">
      <Filter>Resource Files</Filter>
    </None>
    <None Include="makefile">
      <Filter>Resource Files</Filter>
    </None>
  </ItemGroup>
  <ItemGroup>
    <ClInclude Include="zce_boost_lord_rings.h">
      <Filter>Source Files</Filter>
    </ClInclude>
    <ClInclude Include="zce_boost_non_copyable.h">
      <Filter>Source Files</Filter>
    </ClInclude>
    <ClInclude Include="zce_boost_random.h">
      <Filter>Source Files</Filter>
    </ClInclude>
    <ClInclude Include="zce_boost_singleton.h">
      <Filter>Source Files</Filter>
    </ClInclude>
    <ClInclude Include="zce_bus_mmap_pipe.h">
      <Filter>Source Files</Filter>
    </ClInclude>
    <ClInclude Include="zce_bus_one_way.h">
      <Filter>Source Files</Filter>
    </ClInclude>
    <ClInclude Include="zce_bus_two_way.h">
      <Filter>Source Files</Filter>
    </ClInclude>
    <ClInclude Include="zce_bytes_compress.h">
      <Filter>Source Files</Filter>
    </ClInclude>
    <ClInclude Include="zce_bytes_encode.h">
      <Filter>Source Files</Filter>
    </ClInclude>
    <ClInclude Include="zce_bytes_encrypt.h">
      <Filter>Source Files</Filter>
    </ClInclude>
    <ClInclude Include="zce_bytes_hash.h">
      <Filter>Source Files</Filter>
    </ClInclude>
    <ClInclude Include="zce_config_getopt.h">
      <Filter>Source Files</Filter>
    </ClInclude>
    <ClInclude Include="zce_config_property_tree.h">
      <Filter>Source Files</Filter>
    </ClInclude>
    <ClInclude Include="zce_event_handle_base.h">
      <Filter>Source Files</Filter>
    </ClInclude>
    <ClInclude Include="zce_event_reactor_base.h">
      <Filter>Source Files</Filter>
    </ClInclude>
    <ClInclude Include="zce_event_reactor_epoll.h">
      <Filter>Source Files</Filter>
    </ClInclude>
    <ClInclude Include="zce_event_reactor_select.h">
      <Filter>Source Files</Filter>
    </ClInclude>
    <ClInclude Include="zce_fmtstr_format.h">
      <Filter>Source Files</Filter>
    </ClInclude>
    <ClInclude Include="zce_fmtstr_helper.h">
      <Filter>Source Files</Filter>
    </ClInclude>
    <ClInclude Include="zce_fmtstr_snprintf.h">
      <Filter>Source Files</Filter>
    </ClInclude>
    <ClInclude Include="zce_fmtstr_strnsplice.h">
      <Filter>Source Files</Filter>
    </ClInclude>
    <ClInclude Include="zce_id_to_string.h">
      <Filter>Source Files</Filter>
    </ClInclude>
    <ClInclude Include="zce_inotify_directory_reactor.h">
      <Filter>Source Files</Filter>
    </ClInclude>
    <ClInclude Include="zce_inotify_event_base.h">
      <Filter>Source Files</Filter>
    </ClInclude>
    <ClInclude Include="zce_lock_base.h">
      <Filter>Source Files</Filter>
    </ClInclude>
    <ClInclude Include="zce_lock_file_lock.h">
      <Filter>Source Files</Filter>
    </ClInclude>
    <ClInclude Include="zce_lock_guard.h">
      <Filter>Source Files</Filter>
    </ClInclude>
    <ClInclude Include="zce_lock_null_lock.h">
      <Filter>Source Files</Filter>
    </ClInclude>
    <ClInclude Include="zce_lock_process_mutex.h">
      <Filter>Source Files</Filter>
    </ClInclude>
    <ClInclude Include="zce_lock_process_semaphore.h">
      <Filter>Source Files</Filter>
    </ClInclude>
    <ClInclude Include="zce_lock_ptr_guard.h">
      <Filter>Source Files</Filter>
    </ClInclude>
    <ClInclude Include="zce_lock_record_lock.h">
      <Filter>Source Files</Filter>
    </ClInclude>
    <ClInclude Include="zce_lock_synch_traits.h">
      <Filter>Source Files</Filter>
    </ClInclude>
    <ClInclude Include="zce_lock_thread_condi.h">
      <Filter>Source Files</Filter>
    </ClInclude>
    <ClInclude Include="zce_lock_thread_mutex.h">
      <Filter>Source Files</Filter>
    </ClInclude>
    <ClInclude Include="zce_lock_thread_rw_mutex.h">
      <Filter>Source Files</Filter>
    </ClInclude>
    <ClInclude Include="zce_lock_thread_semaphore.h">
      <Filter>Source Files</Filter>
    </ClInclude>
    <ClInclude Include="zce_lock_thread_spin.h">
      <Filter>Source Files</Filter>
    </ClInclude>
    <ClInclude Include="zce_mysql_command.h">
      <Filter>Source Files</Filter>
    </ClInclude>
    <ClInclude Include="zce_mysql_connect.h">
      <Filter>Source Files</Filter>
    </ClInclude>
    <ClInclude Include="zce_mysql_field.h">
      <Filter>Source Files</Filter>
    </ClInclude>
    <ClInclude Include="zce_mysql_process.h">
      <Filter>Source Files</Filter>
    </ClInclude>
    <ClInclude Include="zce_mysql_result.h">
      <Filter>Source Files</Filter>
    </ClInclude>
    <ClInclude Include="zce_mysql_stmtbind.h">
      <Filter>Source Files</Filter>
    </ClInclude>
    <ClInclude Include="zce_mysql_stmtcmd.h">
      <Filter>Source Files</Filter>
    </ClInclude>
    <ClInclude Include="zce_os_adapt_condi.h">
      <Filter>Source Files</Filter>
    </ClInclude>
    <ClInclude Include="zce_os_adapt_dirent.h">
      <Filter>Source Files</Filter>
    </ClInclude>
    <ClInclude Include="zce_os_adapt_dlfcn.h">
      <Filter>Source Files</Filter>
    </ClInclude>
    <ClInclude Include="zce_os_adapt_error.h">
      <Filter>Source Files</Filter>
    </ClInclude>
    <ClInclude Include="zce_os_adapt_file.h">
      <Filter>Source Files</Filter>
    </ClInclude>
    <ClInclude Include="zce_os_adapt_flock.h">
      <Filter>Source Files</Filter>
    </ClInclude>
    <ClInclude Include="zce_os_adapt_getopt.h">
      <Filter>Source Files</Filter>
    </ClInclude>
    <ClInclude Include="zce_os_adapt_math.h">
      <Filter>Source Files</Filter>
    </ClInclude>
    <ClInclude Include="zce_os_adapt_mutex.h">
      <Filter>Source Files</Filter>
    </ClInclude>
    <ClInclude Include="zce_os_adapt_predefine.h">
      <Filter>Source Files</Filter>
    </ClInclude>
    <ClInclude Include="zce_os_adapt_process.h">
      <Filter>Source Files</Filter>
    </ClInclude>
    <ClInclude Include="zce_os_adapt_rwlock.h">
      <Filter>Source Files</Filter>
    </ClInclude>
    <ClInclude Include="zce_os_adapt_semaphore.h">
      <Filter>Source Files</Filter>
    </ClInclude>
    <ClInclude Include="zce_os_adapt_shm.h">
      <Filter>Source Files</Filter>
    </ClInclude>
    <ClInclude Include="zce_os_adapt_socket.h">
      <Filter>Source Files</Filter>
    </ClInclude>
    <ClInclude Include="zce_os_adapt_spin.h">
      <Filter>Source Files</Filter>
    </ClInclude>
    <ClInclude Include="zce_os_adapt_stdlib.h">
      <Filter>Source Files</Filter>
    </ClInclude>
    <ClInclude Include="zce_os_adapt_string.h">
      <Filter>Source Files</Filter>
    </ClInclude>
    <ClInclude Include="zce_os_adapt_sysinfo.h">
      <Filter>Source Files</Filter>
    </ClInclude>
    <ClInclude Include="zce_os_adapt_thread.h">
      <Filter>Source Files</Filter>
    </ClInclude>
    <ClInclude Include="zce_os_adapt_time.h">
      <Filter>Source Files</Filter>
    </ClInclude>
    <ClInclude Include="zce_predefine.h">
      <Filter>Source Files</Filter>
    </ClInclude>
    <ClInclude Include="zce_server_status.h">
      <Filter>Source Files</Filter>
    </ClInclude>
    <ClInclude Include="zce_share_mem_mmap.h">
      <Filter>Source Files</Filter>
    </ClInclude>
    <ClInclude Include="zce_share_mem_posix.h">
      <Filter>Source Files</Filter>
    </ClInclude>
    <ClInclude Include="zce_share_mem_systemv.h">
      <Filter>Source Files</Filter>
    </ClInclude>
    <ClInclude Include="zce_shm_avltree.h">
      <Filter>Source Files</Filter>
    </ClInclude>
    <ClInclude Include="zce_shm_cache_chunk.h">
      <Filter>Source Files</Filter>
    </ClInclude>
    <ClInclude Include="zce_shm_hash_expire.h">
      <Filter>Source Files</Filter>
    </ClInclude>
    <ClInclude Include="zce_shm_hash_rehash.h">
      <Filter>Source Files</Filter>
    </ClInclude>
    <ClInclude Include="zce_shm_hash_table.h">
      <Filter>Source Files</Filter>
    </ClInclude>
    <ClInclude Include="zce_shm_list.h">
      <Filter>Source Files</Filter>
    </ClInclude>
    <ClInclude Include="zce_shm_lockfree_deque.h">
      <Filter>Source Files</Filter>
    </ClInclude>
    <ClInclude Include="zce_shm_predefine.h">
      <Filter>Source Files</Filter>
    </ClInclude>
    <ClInclude Include="zce_shm_rbtree.h">
      <Filter>Source Files</Filter>
    </ClInclude>
    <ClInclude Include="zce_socket_acceptor.h">
      <Filter>Source Files</Filter>
    </ClInclude>
    <ClInclude Include="zce_socket_addr_base.h">
      <Filter>Source Files</Filter>
    </ClInclude>
    <ClInclude Include="zce_socket_addr_in.h">
      <Filter>Source Files</Filter>
    </ClInclude>
    <ClInclude Include="zce_socket_addr_in6.h">
      <Filter>Source Files</Filter>
    </ClInclude>
    <ClInclude Include="zce_socket_base.h">
      <Filter>Source Files</Filter>
    </ClInclude>
    <ClInclude Include="zce_socket_connector.h">
      <Filter>Source Files</Filter>
    </ClInclude>
    <ClInclude Include="zce_socket_datagram.h">
      <Filter>Source Files</Filter>
    </ClInclude>
    <ClInclude Include="zce_socket_stream.h">
      <Filter>Source Files</Filter>
    </ClInclude>
    <ClInclude Include="zce_sqlite3_process.h">
      <Filter>Source Files</Filter>
    </ClInclude>
    <ClInclude Include="zce_sqlite3_stmt_handler.h">
      <Filter>Source Files</Filter>
    </ClInclude>
    <ClInclude Include="zce_thread_bus_pipe.h">
      <Filter>Source Files</Filter>
    </ClInclude>
    <ClInclude Include="zce_thread_msgque_condi.h">
      <Filter>Source Files</Filter>
    </ClInclude>
    <ClInclude Include="zce_thread_msgque_nonlock.h">
      <Filter>Source Files</Filter>
    </ClInclude>
    <ClInclude Include="zce_thread_msgque_sema.h">
      <Filter>Source Files</Filter>
    </ClInclude>
    <ClInclude Include="zce_thread_msgque_template.h">
      <Filter>Source Files</Filter>
    </ClInclude>
    <ClInclude Include="zce_thread_task.h">
      <Filter>Source Files</Filter>
    </ClInclude>
    <ClInclude Include="zce_thread_wait_mgr.h">
      <Filter>Source Files</Filter>
    </ClInclude>
    <ClInclude Include="zce_time_value.h">
      <Filter>Source Files</Filter>
    </ClInclude>
    <ClInclude Include="zce_timer_handler_base.h">
      <Filter>Source Files</Filter>
    </ClInclude>
    <ClInclude Include="zce_timer_queue_base.h">
      <Filter>Source Files</Filter>
    </ClInclude>
    <ClInclude Include="zce_timer_queue_heap.h">
      <Filter>Source Files</Filter>
    </ClInclude>
    <ClInclude Include="zce_timer_queue_wheel.h">
      <Filter>Source Files</Filter>
    </ClInclude>
    <ClInclude Include="zce_trace_log_basic.h">
      <Filter>Source Files</Filter>
    </ClInclude>
    <ClInclude Include="zce_trace_log_debug.h">
      <Filter>Source Files</Filter>
    </ClInclude>
    <ClInclude Include="zce_trace_log_msg.h">
      <Filter>Source Files</Filter>
    </ClInclude>
    <ClInclude Include="zce_trace_log_plus.h">
      <Filter>Source Files</Filter>
    </ClInclude>
    <ClInclude Include="zce_time_progress_timer.h">
      <Filter>Source Files</Filter>
    </ClInclude>
    <ClInclude Include="zce_event_handle_inotify.h">
      <Filter>Source Files</Filter>
    </ClInclude>
    <ClInclude Include="zce_batch_readfile.h">
      <Filter>Source Files</Filter>
    </ClInclude>
    <ClInclude Include="zce_mml_command.h">
      <Filter>Source Files</Filter>
    </ClInclude>
    <ClInclude Include="zce_os_adapt_coroutine.h">
      <Filter>Source Files</Filter>
    </ClInclude>
    <ClInclude Include="zce_async_fw_coroutine.h">
      <Filter>Source Files</Filter>
    </ClInclude>
    <ClInclude Include="zce_async_fw_base.h">
      <Filter>Source Files</Filter>
    </ClInclude>
    <ClInclude Include="zce_async_fw_fsm.h">
      <Filter>Source Files</Filter>
    </ClInclude>
    <ClInclude Include="zce_net_http_client.h">
      <Filter>Source Files</Filter>
    </ClInclude>
    <ClInclude Include="zce_script_lua_tie.h">
      <Filter>Source Files</Filter>
    </ClInclude>
    <ClInclude Include="zce_boost_any.h">
      <Filter>Source Files</Filter>
    </ClInclude>
    <ClInclude Include="zce_boost_mpl.h">
      <Filter>Source Files</Filter>
    </ClInclude>
    <ClInclude Include="zce_boost_signal.h">
      <Filter>Source Files</Filter>
    </ClInclude>
    <ClInclude Include="zce_shm_array.h">
      <Filter>Source Files</Filter>
    </ClInclude>
    <ClInclude Include="zce_cfg_ini_pasttime.h">
      <Filter>Source Files</Filter>
    </ClInclude>
    <ClInclude Include="zce_config_file_implement.h">
      <Filter>Source Files</Filter>
    </ClInclude>
    <ClInclude Include="zce_uuid_generator.h">
      <Filter>Source Files</Filter>
    </ClInclude>
    <ClInclude Include="zce_server_base.h">
      <Filter>Source Files</Filter>
    </ClInclude>
  </ItemGroup>
  <ItemGroup>
    <ClCompile Include="zce_boost_random.cpp">
      <Filter>Source Files</Filter>
    </ClCompile>
    <ClCompile Include="zce_bus_mmap_pipe.cpp">
      <Filter>Source Files</Filter>
    </ClCompile>
    <ClCompile Include="zce_bus_one_way.cpp">
      <Filter>Source Files</Filter>
    </ClCompile>
    <ClCompile Include="zce_bus_two_way.cpp">
      <Filter>Source Files</Filter>
    </ClCompile>
    <ClCompile Include="zce_bytes_compress.cpp">
      <Filter>Source Files</Filter>
    </ClCompile>
    <ClCompile Include="zce_bytes_encode.cpp">
      <Filter>Source Files</Filter>
    </ClCompile>
    <ClCompile Include="zce_bytes_encrypt.cpp">
      <Filter>Source Files</Filter>
    </ClCompile>
    <ClCompile Include="zce_bytes_hash.cpp">
      <Filter>Source Files</Filter>
    </ClCompile>
    <ClCompile Include="zce_config_getopt.cpp">
      <Filter>Source Files</Filter>
    </ClCompile>
    <ClCompile Include="zce_config_property_tree.cpp">
      <Filter>Source Files</Filter>
    </ClCompile>
    <ClCompile Include="zce_event_handle_base.cpp">
      <Filter>Source Files</Filter>
    </ClCompile>
    <ClCompile Include="zce_event_reactor_base.cpp">
      <Filter>Source Files</Filter>
    </ClCompile>
    <ClCompile Include="zce_event_reactor_epoll.cpp">
      <Filter>Source Files</Filter>
    </ClCompile>
    <ClCompile Include="zce_event_reactor_select.cpp">
      <Filter>Source Files</Filter>
    </ClCompile>
    <ClCompile Include="zce_fmtstr_format.cpp">
      <Filter>Source Files</Filter>
    </ClCompile>
    <ClCompile Include="zce_fmtstr_helper.cpp">
      <Filter>Source Files</Filter>
    </ClCompile>
    <ClCompile Include="zce_inotify_directory_reactor.cpp">
      <Filter>Source Files</Filter>
    </ClCompile>
    <ClCompile Include="zce_inotify_event_base.cpp">
      <Filter>Source Files</Filter>
    </ClCompile>
    <ClCompile Include="zce_lock_base.cpp">
      <Filter>Source Files</Filter>
    </ClCompile>
    <ClCompile Include="zce_lock_file_lock.cpp">
      <Filter>Source Files</Filter>
    </ClCompile>
    <ClCompile Include="zce_lock_null_lock.cpp">
      <Filter>Source Files</Filter>
    </ClCompile>
    <ClCompile Include="zce_lock_process_mutex.cpp">
      <Filter>Source Files</Filter>
    </ClCompile>
    <ClCompile Include="zce_lock_process_semaphore.cpp">
      <Filter>Source Files</Filter>
    </ClCompile>
    <ClCompile Include="zce_lock_record_lock.cpp">
      <Filter>Source Files</Filter>
    </ClCompile>
    <ClCompile Include="zce_lock_thread_condi.cpp">
      <Filter>Source Files</Filter>
    </ClCompile>
    <ClCompile Include="zce_lock_thread_mutex.cpp">
      <Filter>Source Files</Filter>
    </ClCompile>
    <ClCompile Include="zce_lock_thread_rw_mutex.cpp">
      <Filter>Source Files</Filter>
    </ClCompile>
    <ClCompile Include="zce_lock_thread_semaphore.cpp">
      <Filter>Source Files</Filter>
    </ClCompile>
    <ClCompile Include="zce_lock_thread_spin.cpp">
      <Filter>Source Files</Filter>
    </ClCompile>
    <ClCompile Include="zce_mysql_command.cpp">
      <Filter>Source Files</Filter>
    </ClCompile>
    <ClCompile Include="zce_mysql_connect.cpp">
      <Filter>Source Files</Filter>
    </ClCompile>
    <ClCompile Include="zce_mysql_field.cpp">
      <Filter>Source Files</Filter>
    </ClCompile>
    <ClCompile Include="zce_mysql_process.cpp">
      <Filter>Source Files</Filter>
    </ClCompile>
    <ClCompile Include="zce_mysql_result.cpp">
      <Filter>Source Files</Filter>
    </ClCompile>
    <ClCompile Include="zce_mysql_stmtbind.cpp">
      <Filter>Source Files</Filter>
    </ClCompile>
    <ClCompile Include="zce_mysql_stmtcmd.cpp">
      <Filter>Source Files</Filter>
    </ClCompile>
    <ClCompile Include="zce_os_adapt_condi.cpp">
      <Filter>Source Files</Filter>
    </ClCompile>
    <ClCompile Include="zce_os_adapt_dirent.cpp">
      <Filter>Source Files</Filter>
    </ClCompile>
    <ClCompile Include="zce_os_adapt_dlfcn.cpp">
      <Filter>Source Files</Filter>
    </ClCompile>
    <ClCompile Include="zce_os_adapt_file.cpp">
      <Filter>Source Files</Filter>
    </ClCompile>
    <ClCompile Include="zce_os_adapt_flock.cpp">
      <Filter>Source Files</Filter>
    </ClCompile>
    <ClCompile Include="zce_os_adapt_getopt.cpp">
      <Filter>Source Files</Filter>
    </ClCompile>
    <ClCompile Include="zce_os_adapt_math.cpp">
      <Filter>Source Files</Filter>
    </ClCompile>
    <ClCompile Include="zce_os_adapt_mutex.cpp">
      <Filter>Source Files</Filter>
    </ClCompile>
    <ClCompile Include="zce_os_adapt_process.cpp">
      <Filter>Source Files</Filter>
    </ClCompile>
    <ClCompile Include="zce_os_adapt_rwlock.cpp">
      <Filter>Source Files</Filter>
    </ClCompile>
    <ClCompile Include="zce_os_adapt_semaphore.cpp">
      <Filter>Source Files</Filter>
    </ClCompile>
    <ClCompile Include="zce_os_adapt_shm.cpp">
      <Filter>Source Files</Filter>
    </ClCompile>
    <ClCompile Include="zce_os_adapt_socket.cpp">
      <Filter>Source Files</Filter>
    </ClCompile>
    <ClCompile Include="zce_os_adapt_spin.cpp">
      <Filter>Source Files</Filter>
    </ClCompile>
    <ClCompile Include="zce_os_adapt_stdlib.cpp">
      <Filter>Source Files</Filter>
    </ClCompile>
    <ClCompile Include="zce_os_adapt_string.cpp">
      <Filter>Source Files</Filter>
    </ClCompile>
    <ClCompile Include="zce_os_adapt_sysinfo.cpp">
      <Filter>Source Files</Filter>
    </ClCompile>
    <ClCompile Include="zce_os_adapt_thread.cpp">
      <Filter>Source Files</Filter>
    </ClCompile>
    <ClCompile Include="zce_os_adapt_time.cpp">
      <Filter>Source Files</Filter>
    </ClCompile>
    <ClCompile Include="zce_predefine.cpp">
      <Filter>Source Files</Filter>
    </ClCompile>
    <ClCompile Include="zce_server_status.cpp">
      <Filter>Source Files</Filter>
    </ClCompile>
    <ClCompile Include="zce_share_mem_mmap.cpp">
      <Filter>Source Files</Filter>
    </ClCompile>
    <ClCompile Include="zce_share_mem_posix.cpp">
      <Filter>Source Files</Filter>
    </ClCompile>
    <ClCompile Include="zce_share_mem_systemv.cpp">
      <Filter>Source Files</Filter>
    </ClCompile>
    <ClCompile Include="zce_shm_cache_chunk.cpp">
      <Filter>Source Files</Filter>
    </ClCompile>
    <ClCompile Include="zce_shm_lockfree_deque.cpp">
      <Filter>Source Files</Filter>
    </ClCompile>
    <ClCompile Include="zce_socket_acceptor.cpp">
      <Filter>Source Files</Filter>
    </ClCompile>
    <ClCompile Include="zce_socket_addr_base.cpp">
      <Filter>Source Files</Filter>
    </ClCompile>
    <ClCompile Include="zce_socket_addr_in.cpp">
      <Filter>Source Files</Filter>
    </ClCompile>
    <ClCompile Include="zce_socket_addr_in6.cpp">
      <Filter>Source Files</Filter>
    </ClCompile>
    <ClCompile Include="zce_socket_base.cpp">
      <Filter>Source Files</Filter>
    </ClCompile>
    <ClCompile Include="zce_socket_connector.cpp">
      <Filter>Source Files</Filter>
    </ClCompile>
    <ClCompile Include="zce_socket_datagram.cpp">
      <Filter>Source Files</Filter>
    </ClCompile>
    <ClCompile Include="zce_socket_stream.cpp">
      <Filter>Source Files</Filter>
    </ClCompile>
    <ClCompile Include="zce_sqlite3_process.cpp">
      <Filter>Source Files</Filter>
    </ClCompile>
    <ClCompile Include="zce_sqlite3_stmt_handler.cpp">
      <Filter>Source Files</Filter>
    </ClCompile>
    <ClCompile Include="zce_thread_bus_pipe.cpp">
      <Filter>Source Files</Filter>
    </ClCompile>
    <ClCompile Include="zce_thread_task.cpp">
      <Filter>Source Files</Filter>
    </ClCompile>
    <ClCompile Include="zce_thread_wait_mgr.cpp">
      <Filter>Source Files</Filter>
    </ClCompile>
    <ClCompile Include="zce_time_value.cpp">
      <Filter>Source Files</Filter>
    </ClCompile>
    <ClCompile Include="zce_timer_handler_base.cpp">
      <Filter>Source Files</Filter>
    </ClCompile>
    <ClCompile Include="zce_timer_queue_base.cpp">
      <Filter>Source Files</Filter>
    </ClCompile>
    <ClCompile Include="zce_timer_queue_heap.cpp">
      <Filter>Source Files</Filter>
    </ClCompile>
    <ClCompile Include="zce_timer_queue_wheel.cpp">
      <Filter>Source Files</Filter>
    </ClCompile>
    <ClCompile Include="zce_trace_log_basic.cpp">
      <Filter>Source Files</Filter>
    </ClCompile>
    <ClCompile Include="zce_trace_log_debug.cpp">
      <Filter>Source Files</Filter>
    </ClCompile>
    <ClCompile Include="zce_trace_log_msg.cpp">
      <Filter>Source Files</Filter>
    </ClCompile>
    <ClCompile Include="zce_trace_log_plus.cpp">
      <Filter>Source Files</Filter>
    </ClCompile>
    <ClCompile Include="zce_time_progress_timer.cpp">
      <Filter>Source Files</Filter>
    </ClCompile>
    <ClCompile Include="zce_event_handle_inotify.cpp">
      <Filter>Source Files</Filter>
    </ClCompile>
    <ClCompile Include="zce_batch_readfile.cpp">
      <Filter>Source Files</Filter>
    </ClCompile>
    <ClCompile Include="zce_mml_command.cpp">
      <Filter>Source Files</Filter>
    </ClCompile>
    <ClCompile Include="zce_os_adapt_coroutine.cpp">
      <Filter>Source Files</Filter>
    </ClCompile>
    <ClCompile Include="zce_async_fw_coroutine.cpp">
      <Filter>Source Files</Filter>
    </ClCompile>
    <ClCompile Include="zce_async_fw_base.cpp">
      <Filter>Source Files</Filter>
    </ClCompile>
    <ClCompile Include="zce_async_fw_fsm.cpp">
      <Filter>Source Files</Filter>
    </ClCompile>
    <ClCompile Include="zce_shm_predefine.cpp">
      <Filter>Source Files</Filter>
    </ClCompile>
    <ClCompile Include="zce_net_http_client.cpp">
      <Filter>Source Files</Filter>
    </ClCompile>
    <ClCompile Include="zce_script_lua_tie.cpp">
      <Filter>Source Files</Filter>
    </ClCompile>
    <ClCompile Include="zce_cfg_ini_pasttime.cpp">
      <Filter>Source Files</Filter>
    </ClCompile>
    <ClCompile Include="zce_config_file_implement.cpp">
      <Filter>Source Files</Filter>
    </ClCompile>
    <ClCompile Include="zce_uuid_generator.cpp">
      <Filter>Source Files</Filter>
    </ClCompile>
    <ClCompile Include="zce_server_base.cpp">
      <Filter>Source Files</Filter>
    </ClCompile>
  </ItemGroup>
</Project>