<?xml version="1.0" encoding="utf-8"?>
<Project ToolsVersion="4.0" xmlns="http://schemas.microsoft.com/developer/msbuild/2003">
  <ItemGroup>
    <Filter Include="Source Files">
      <UniqueIdentifier>{4FC737F1-C7A5-4376-A066-2A32D752A2FF}</UniqueIdentifier>
      <Extensions>cpp;c;cc;cxx;def;odl;idl;hpj;bat;asm;asmx;h;hh;hpp;hxx;hm;inl;inc;xsd</Extensions>
    </Filter>
    <Filter Include="Resource Files">
      <UniqueIdentifier>{67DA6AB6-F800-4c08-8B7A-83BB121AAD01}</UniqueIdentifier>
      <Extensions>rc;ico;cur;bmp;dlg;rc2;rct;bin;rgs;gif;jpg;jpeg;jpe;resx;tiff;tif;png;wav;mfcribbon-ms</Extensions>
    </Filter>
  </ItemGroup>
  <ItemGroup>
    <ClCompile Include="zerg\accept_handler.cpp">
      <Filter>Source Files</Filter>
    </ClCompile>
    <ClCompile Include="zerg\application.cpp">
      <Filter>Source Files</Filter>
    </ClCompile>
    <ClCompile Include="zerg\auto_connect.cpp">
      <Filter>Source Files</Filter>
    </ClCompile>
    <ClCompile Include="zerg\buf_storage.cpp">
      <Filter>Source Files</Filter>
    </ClCompile>
    <ClCompile Include="zerg\comm_manager.cpp">
      <Filter>Source Files</Filter>
    </ClCompile>
    <ClCompile Include="zerg\configure.cpp">
      <Filter>Source Files</Filter>
    </ClCompile>
    <ClCompile Include="zerg\console_handler.cpp">
      <Filter>Source Files</Filter>
    </ClCompile>
    <ClCompile Include="zerg\ip_restrict.cpp">
      <Filter>Source Files</Filter>
    </ClCompile>
    <ClCompile Include="zerg\main.cpp">
      <Filter>Source Files</Filter>
    </ClCompile>
    <ClCompile Include="zerg\predefine.cpp">
      <Filter>Source Files</Filter>
    </ClCompile>
    <ClCompile Include="zerg\tcp_ctrl_handler.cpp">
      <Filter>Source Files</Filter>
    </ClCompile>
    <ClCompile Include="zerg\udp_ctrl_handler.cpp">
      <Filter>Source Files</Filter>
    </ClCompile>
    <ClCompile Include="zerg\app_timer.cpp">
      <Filter>Source Files</Filter>
    </ClCompile>
    <ClCompile Include="zerg\active_svchdl_set.cpp">
      <Filter>Source Files</Filter>
    </ClCompile>
  </ItemGroup>
  <ItemGroup>
    <ClInclude Include="zerg\accept_handler.h">
      <Filter>Source Files</Filter>
    </ClInclude>
    <ClInclude Include="zerg\application.h">
      <Filter>Source Files</Filter>
    </ClInclude>
    <ClInclude Include="zerg\auto_connect.h">
      <Filter>Source Files</Filter>
    </ClInclude>
    <ClInclude Include="zerg\buf_storage.h">
      <Filter>Source Files</Filter>
    </ClInclude>
    <ClInclude Include="zerg\comm_manager.h">
      <Filter>Source Files</Filter>
    </ClInclude>
    <ClInclude Include="zerg\configure.h">
      <Filter>Source Files</Filter>
    </ClInclude>
    <ClInclude Include="zerg\console_handler.h">
      <Filter>Source Files</Filter>
    </ClInclude>
    <ClInclude Include="zerg\ip_restrict.h">
      <Filter>Source Files</Filter>
    </ClInclude>
    <ClInclude Include="zerg\predefine.h">
      <Filter>Source Files</Filter>
    </ClInclude>
    <ClInclude Include="zerg\stat_define.h">
      <Filter>Source Files</Filter>
    </ClInclude>
    <ClInclude Include="zerg\tcp_ctrl_handler.h">
      <Filter>Source Files</Filter>
    </ClInclude>
    <ClInclude Include="zerg\udp_ctrl_handler.h">
      <Filter>Source Files</Filter>
    </ClInclude>
    <ClInclude Include="zerg\app_timer.h">
      <Filter>Source Files</Filter>
    </ClInclude>
    <ClInclude Include="zerg\active_svchdl_set.h">
      <Filter>Source Files</Filter>
    </ClInclude>
  </ItemGroup>
</Project>